
Microsoft Visual Studio Solution File, Format Version 12.00
# Visual Studio 2012
Project("{FAE04EC0-301F-11D3-BF4B-00C04F79EFBC}") = "rukkawandorm", "rukkawandorm\rukkawandorm.csproj", "{DF05AAF2-0864-424A-AC94-3DA44248A267}"
EndProject
Global
	GlobalSection(SolutionConfigurationPlatforms) = preSolution
		Debug|Any CPU = Debug|Any CPU
		Release|Any CPU = Release|Any CPU
	EndGlobalSection
	GlobalSection(ProjectConfigurationPlatforms) = postSolution
		{DF05AAF2-0864-424A-AC94-3DA44248A267}.Debug|Any CPU.ActiveCfg = Debug|Any CPU
		{DF05AAF2-0864-424A-AC94-3DA44248A267}.Debug|Any CPU.Build.0 = Debug|Any CPU
		{DF05AAF2-0864-424A-AC94-3DA44248A267}.Release|Any CPU.ActiveCfg = Release|Any CPU
		{DF05AAF2-0864-424A-AC94-3DA44248A267}.Release|Any CPU.Build.0 = Release|Any CPU
	EndGlobalSection
	GlobalSection(SolutionProperties) = preSolution
		HideSolutionNode = FALSE
	EndGlobalSection
EndGlobal
